<?xml version="1.0" encoding="utf-8"?>
<Project ToolsVersion="4.0" xmlns="http://schemas.microsoft.com/developer/msbuild/2003">
  <ItemGroup>
    <Filter Include="Arquivos de Origem">
      <UniqueIdentifier>{4FC737F1-C7A5-4376-A066-2A32D752A2FF}</UniqueIdentifier>
      <Extensions>cpp;c;cc;cxx;c++;cppm;ixx;def;odl;idl;hpj;bat;asm;asmx</Extensions>
    </Filter>
    <Filter Include="Arquivos de Cabeçalho">
      <UniqueIdentifier>{93995380-89BD-4b04-88EB-625FBE52EBFB}</UniqueIdentifier>
      <Extensions>h;hh;hpp;hxx;h++;hm;inl;inc;ipp;xsd</Extensions>
    </Filter>
    <Filter Include="Arquivos de Recurso">
      <UniqueIdentifier>{67DA6AB6-F800-4c08-8B7A-83BB121AAD01}</UniqueIdentifier>
      <Extensions>rc;ico;cur;bmp;dlg;rc2;rct;bin;rgs;gif;jpg;jpeg;jpe;resx;tiff;tif;png;wav;mfcribbon-ms</Extensions>
    </Filter>
    <Filter Include="Arquivos de Origem\Libs">
      <UniqueIdentifier>{99b61232-f9c0-4fc5-bce5-e3c9ab4dc52b}</UniqueIdentifier>
    </Filter>
    <Filter Include="Arquivos de Origem\Memory">
      <UniqueIdentifier>{67aec7c4-bfe7-4152-a3f9-8cb3ee9e0bfc}</UniqueIdentifier>
    </Filter>
  </ItemGroup>
  <ItemGroup>
    <ClCompile Include="Extractor.c">
      <Filter>Arquivos de Origem</Filter>
    </ClCompile>
    <ClCompile Include="Memory\Memory.c">
      <Filter>Arquivos de Origem\Memory</Filter>
    </ClCompile>
    <ClCompile Include="Libs\cJSON.c">
      <Filter>Arquivos de Origem\Libs</Filter>
    </ClCompile>
    <ClCompile Include="VFS.c">
      <Filter>Arquivos de Origem</Filter>
    </ClCompile>
    <ClCompile Include="Elevator.c">
      <Filter>Arquivos de Origem</Filter>
    </ClCompile>
    <ClCompile Include="Decrypt.c">
      <Filter>Arquivos de Origem</Filter>
    </ClCompile>
  </ItemGroup>
  <ItemGroup>
    <ClInclude Include="Libs\cJSON.h">
      <Filter>Arquivos de Origem\Libs</Filter>
    </ClInclude>
    <ClInclude Include="Libs\sqlite3.h">
      <Filter>Arquivos de Origem\Libs</Filter>
    </ClInclude>
    <ClInclude Include="Memory\Memory.h">
      <Filter>Arquivos de Origem\Memory</Filter>
    </ClInclude>
    <ClInclude Include="Extractor.h">
      <Filter>Arquivos de Cabeçalho</Filter>
    </ClInclude>
    <ClInclude Include="VFS.h">
      <Filter>Arquivos de Cabeçalho</Filter>
    </ClInclude>
    <ClInclude Include="Elevator.h">
      <Filter>Arquivos de Cabeçalho</Filter>
    </ClInclude>
    <ClInclude Include="Decrypt.h">
      <Filter>Arquivos de Cabeçalho</Filter>
    </ClInclude>
  </ItemGroup>
</Project>